
Microsoft Visual Studio Solution File, Format Version 12.00
# Visual Studio 15
VisualStudioVersion = 15.0.28307.168
MinimumVisualStudioVersion = 10.0.40219.1
Project("{2150E333-8FDC-42A3-9474-1A3956D46DE8}") = "src", "src", "{1EF5DA15-C768-4428-A679-5217D0C65803}"
EndProject
Project("{FAE04EC0-301F-11D3-BF4B-00C04F79EFBC}") = "AuthServer", "AuthServer\AuthServer.csproj", "{4DE7AF88-56F6-4EA1-B68C-64B327474BA3}"
EndProject
Project("{FAE04EC0-301F-11D3-BF4B-00C04F79EFBC}") = "MvcClient", "MvcClient\MvcClient.csproj", "{CFA11DAE-6B6E-48E3-A92B-1AA1E63AA8DB}"
EndProject
Project("{9A19103F-16F7-4668-BE54-9A1E7A4F7556}") = "ResourceAPI", "ResourceAPI\ResourceAPI.csproj", "{FCBEA3B4-F0A1-4B74-BCBB-2C08B7C0F0CF}"
EndProject
Global
	GlobalSection(SolutionConfigurationPlatforms) = preSolution
		Debug|Any CPU = Debug|Any CPU
		Release|Any CPU = Release|Any CPU
	EndGlobalSection
	GlobalSection(ProjectConfigurationPlatforms) = postSolution
		{4DE7AF88-56F6-4EA1-B68C-64B327474BA3}.Debug|Any CPU.ActiveCfg = Debug|Any CPU
		{4DE7AF88-56F6-4EA1-B68C-64B327474BA3}.Debug|Any CPU.Build.0 = Debug|Any CPU
		{4DE7AF88-56F6-4EA1-B68C-64B327474BA3}.Release|Any CPU.ActiveCfg = Release|Any CPU
		{4DE7AF88-56F6-4EA1-B68C-64B327474BA3}.Release|Any CPU.Build.0 = Release|Any CPU
		{CFA11DAE-6B6E-48E3-A92B-1AA1E63AA8DB}.Debug|Any CPU.ActiveCfg = Debug|Any CPU
		{CFA11DAE-6B6E-48E3-A92B-1AA1E63AA8DB}.Debug|Any CPU.Build.0 = Debug|Any CPU
		{CFA11DAE-6B6E-48E3-A92B-1AA1E63AA8DB}.Release|Any CPU.ActiveCfg = Release|Any CPU
		{CFA11DAE-6B6E-48E3-A92B-1AA1E63AA8DB}.Release|Any CPU.Build.0 = Release|Any CPU
		{FCBEA3B4-F0A1-4B74-BCBB-2C08B7C0F0CF}.Debug|Any CPU.ActiveCfg = Debug|Any CPU
		{FCBEA3B4-F0A1-4B74-BCBB-2C08B7C0F0CF}.Debug|Any CPU.Build.0 = Debug|Any CPU
		{FCBEA3B4-F0A1-4B74-BCBB-2C08B7C0F0CF}.Release|Any CPU.ActiveCfg = Release|Any CPU
		{FCBEA3B4-F0A1-4B74-BCBB-2C08B7C0F0CF}.Release|Any CPU.Build.0 = Release|Any CPU
	EndGlobalSection
	GlobalSection(SolutionProperties) = preSolution
		HideSolutionNode = FALSE
	EndGlobalSection
	GlobalSection(NestedProjects) = preSolution
		{4DE7AF88-56F6-4EA1-B68C-64B327474BA3} = {1EF5DA15-C768-4428-A679-5217D0C65803}
		{CFA11DAE-6B6E-48E3-A92B-1AA1E63AA8DB} = {1EF5DA15-C768-4428-A679-5217D0C65803}
		{FCBEA3B4-F0A1-4B74-BCBB-2C08B7C0F0CF} = {1EF5DA15-C768-4428-A679-5217D0C65803}
	EndGlobalSection
	GlobalSection(ExtensibilityGlobals) = postSolution
		SolutionGuid = {3E7C907D-8923-40EF-AC87-E3CA45AA00C8}
	EndGlobalSection
EndGlobal
